
Microsoft Visual Studio Solution File, Format Version 12.00
# Visual Studio Version 17
VisualStudioVersion = 17.10.35013.160
MinimumVisualStudioVersion = 10.0.40219.1
Project("{FAE04EC0-301F-11D3-BF4B-00C04F79EFBC}") = "CommunalController", "CommunalController\CommunalController.csproj", "{649F042B-7156-44DB-B32F-7ABB2686D006}"
EndProject
Global
	GlobalSection(SolutionConfigurationPlatforms) = preSolution
		Debug|Any CPU = Debug|Any CPU
		Release|Any CPU = Release|Any CPU
	EndGlobalSection
	GlobalSection(ProjectConfigurationPlatforms) = postSolution
		{649F042B-7156-44DB-B32F-7ABB2686D006}.Debug|Any CPU.ActiveCfg = Debug|Any CPU
		{649F042B-7156-44DB-B32F-7ABB2686D006}.Debug|Any CPU.Build.0 = Debug|Any CPU
		{649F042B-7156-44DB-B32F-7ABB2686D006}.Release|Any CPU.ActiveCfg = Release|Any CPU
		{649F042B-7156-44DB-B32F-7ABB2686D006}.Release|Any CPU.Build.0 = Release|Any CPU
	EndGlobalSection
	GlobalSection(SolutionProperties) = preSolution
		HideSolutionNode = FALSE
	EndGlobalSection
	GlobalSection(ExtensibilityGlobals) = postSolution
		SolutionGuid = {A8C05C3A-9B71-4CBA-9763-FC2E71D0A05F}
	EndGlobalSection
EndGlobal
